// !$*UTF8*$!
{
	archiveVersion = 1;
	classes = {
	};
	objectVersion = 46;
	objects = {

/* Begin PBXBuildFile section */
		B87BB28C1C8EBA8B00059E70 /* AppDelegate.swift in Sources */ = {isa = PBXBuildFile; fileRef = B87BB28B1C8EBA8B00059E70 /* AppDelegate.swift */; };
		B87BB28E1C8EBA8B00059E70 /* ViewController.swift in Sources */ = {isa = PBXBuildFile; fileRef = B87BB28D1C8EBA8B00059E70 /* ViewController.swift */; };
		B87BB2911C8EBA8B00059E70 /* Main.storyboard in Resources */ = {isa = PBXBuildFile; fileRef = B87BB28F1C8EBA8B00059E70 /* Main.storyboard */; };
		B87BB2931C8EBA8B00059E70 /* Assets.xcassets in Resources */ = {isa = PBXBuildFile; fileRef = B87BB2921C8EBA8B00059E70 /* Assets.xcassets */; };
		B87BB2961C8EBA8B00059E70 /* LaunchScreen.storyboard in Resources */ = {isa = PBXBuildFile; fileRef = B87BB2941C8EBA8B00059E70 /* LaunchScreen.storyboard */; };
		B87BB2A11C8EBA8B00059E70 /* StormyTests.swift in Sources */ = {isa = PBXBuildFile; fileRef = B87BB2A01C8EBA8B00059E70 /* StormyTests.swift */; };
		B87BB2AC1C8EBA8B00059E70 /* StormyUITests.swift in Sources */ = {isa = PBXBuildFile; fileRef = B87BB2AB1C8EBA8B00059E70 /* StormyUITests.swift */; };
/* End PBXBuildFile section */

/* Begin PBXContainerItemProxy section */
		B87BB29D1C8EBA8B00059E70 /* PBXContainerItemProxy */ = {
			isa = PBXContainerItemProxy;
			containerPortal = B87BB2801C8EBA8B00059E70 /* Project object */;
			proxyType = 1;
			remoteGlobalIDString = B87BB2871C8EBA8B00059E70;
			remoteInfo = Stormy;
		};
		B87BB2A81C8EBA8B00059E70 /* PBXContainerItemProxy */ = {
			isa = PBXContainerItemProxy;
			containerPortal = B87BB2801C8EBA8B00059E70 /* Project object */;
			proxyType = 1;
			remoteGlobalIDString = B87BB2871C8EBA8B00059E70;
			remoteInfo = Stormy;
		};
/* End PBXContainerItemProxy section */

/* Begin PBXFileReference section */
		B87BB2881C8EBA8B00059E70 /* Stormy.app */ = {isa = PBXFileReference; explicitFileType = wrapper.application; includeInIndex = 0; path = Stormy.app; sourceTree = BUILT_PRODUCTS_DIR; };
		B87BB28B1C8EBA8B00059E70 /* AppDelegate.swift */ = {isa = PBXFileReference; lastKnownFileType = sourcecode.swift; path = AppDelegate.swift; sourceTree = "<group>"; };
		B87BB28D1C8EBA8B00059E70 /* ViewController.swift */ = {isa = PBXFileReference; lastKnownFileType = sourcecode.swift; path = ViewController.swift; sourceTree = "<group>"; };
		B87BB2901C8EBA8B00059E70 /* Base */ = {isa = PBXFileReference; lastKnownFileType = file.storyboard; name = Base; path = Base.lproj/Main.storyboard; sourceTree = "<group>"; };
		B87BB2921C8EBA8B00059E70 /* Assets.xcassets */ = {isa = PBXFileReference; lastKnownFileType = folder.assetcatalog; path = Assets.xcassets; sourceTree = "<group>"; };
		B87BB2951C8EBA8B00059E70 /* Base */ = {isa = PBXFileReference; lastKnownFileType = file.storyboard; name = Base; path = Base.lproj/LaunchScreen.storyboard; sourceTree = "<group>"; };
		B87BB2971C8EBA8B00059E70 /* Info.plist */ = {isa = PBXFileReference; lastKnownFileType = text.plist.xml; path = Info.plist; sourceTree = "<group>"; };
		B87BB29C1C8EBA8B00059E70 /* StormyTests.xctest */ = {isa = PBXFileReference; explicitFileType = wrapper.cfbundle; includeInIndex = 0; path = StormyTests.xctest; sourceTree = BUILT_PRODUCTS_DIR; };
		B87BB2A01C8EBA8B00059E70 /* StormyTests.swift */ = {isa = PBXFileReference; lastKnownFileType = sourcecode.swift; path = StormyTests.swift; sourceTree = "<group>"; };
		B87BB2A21C8EBA8B00059E70 /* Info.plist */ = {isa = PBXFileReference; lastKnownFileType = text.plist.xml; path = Info.plist; sourceTree = "<group>"; };
		B87BB2A71C8EBA8B00059E70 /* StormyUITests.xctest */ = {isa = PBXFileReference; explicitFileType = wrapper.cfbundle; includeInIndex = 0; path = StormyUITests.xctest; sourceTree = BUILT_PRODUCTS_DIR; };
		B87BB2AB1C8EBA8B00059E70 /* StormyUITests.swift */ = {isa = PBXFileReference; lastKnownFileType = sourcecode.swift; path = StormyUITests.swift; sourceTree = "<group>"; };
		B87BB2AD1C8EBA8B00059E70 /* Info.plist */ = {isa = PBXFileReference; lastKnownFileType = text.plist.xml; path = Info.plist; sourceTree = "<group>"; };
/* End PBXFileReference section */

/* Begin PBXFrameworksBuildPhase section */
		B87BB2851C8EBA8B00059E70 /* Frameworks */ = {
			isa = PBXFrameworksBuildPhase;
			buildActionMask = 2147483647;
			files = (
			);
			runOnlyForDeploymentPostprocessing = 0;
		};
		B87BB2991C8EBA8B00059E70 /* Frameworks */ = {
			isa = PBXFrameworksBuildPhase;
			buildActionMask = 2147483647;
			files = (
			);
			runOnlyForDeploymentPostprocessing = 0;
		};
		B87BB2A41C8EBA8B00059E70 /* Frameworks */ = {
			isa = PBXFrameworksBuildPhase;
			buildActionMask = 2147483647;
			files = (
			);
			runOnlyForDeploymentPostprocessing = 0;
		};
/* End PBXFrameworksBuildPhase section */

/* Begin PBXGroup section */
		B87BB27F1C8EBA8B00059E70 = {
			isa = PBXGroup;
			children = (
				B87BB28A1C8EBA8B00059E70 /* Stormy */,
				B87BB29F1C8EBA8B00059E70 /* StormyTests */,
				B87BB2AA1C8EBA8B00059E70 /* StormyUITests */,
				B87BB2891C8EBA8B00059E70 /* Products */,
			);
			sourceTree = "<group>";
		};
		B87BB2891C8EBA8B00059E70 /* Products */ = {
			isa = PBXGroup;
			children = (
				B87BB2881C8EBA8B00059E70 /* Stormy.app */,
				B87BB29C1C8EBA8B00059E70 /* StormyTests.xctest */,
				B87BB2A71C8EBA8B00059E70 /* StormyUITests.xctest */,
			);
			name = Products;
			sourceTree = "<group>";
		};
		B87BB28A1C8EBA8B00059E70 /* Stormy */ = {
			isa = PBXGroup;
			children = (
				B87BB28B1C8EBA8B00059E70 /* AppDelegate.swift */,
				B87BB28D1C8EBA8B00059E70 /* ViewController.swift */,
				B87BB28F1C8EBA8B00059E70 /* Main.storyboard */,
				B87BB2921C8EBA8B00059E70 /* Assets.xcassets */,
				B87BB2941C8EBA8B00059E70 /* LaunchScreen.storyboard */,
				B87BB2971C8EBA8B00059E70 /* Info.plist */,
			);
			path = Stormy;
			sourceTree = "<group>";
		};
		B87BB29F1C8EBA8B00059E70 /* StormyTests */ = {
			isa = PBXGroup;
			children = (
				B87BB2A01C8EBA8B00059E70 /* StormyTests.swift */,
				B87BB2A21C8EBA8B00059E70 /* Info.plist */,
			);
			path = StormyTests;
			sourceTree = "<group>";
		};
		B87BB2AA1C8EBA8B00059E70 /* StormyUITests */ = {
			isa = PBXGroup;
			children = (
				B87BB2AB1C8EBA8B00059E70 /* StormyUITests.swift */,
				B87BB2AD1C8EBA8B00059E70 /* Info.plist */,
			);
			path = StormyUITests;
			sourceTree = "<group>";
		};
/* End PBXGroup section */

/* Begin PBXNativeTarget section */
		B87BB2871C8EBA8B00059E70 /* Stormy */ = {
			isa = PBXNativeTarget;
			buildConfigurationList = B87BB2B01C8EBA8B00059E70 /* Build configuration list for PBXNativeTarget "Stormy" */;
			buildPhases = (
				B87BB2841C8EBA8B00059E70 /* Sources */,
				B87BB2851C8EBA8B00059E70 /* Frameworks */,
				B87BB2861C8EBA8B00059E70 /* Resources */,
			);
			buildRules = (
			);
			dependencies = (
			);
			name = Stormy;
			productName = Stormy;
			productReference = B87BB2881C8EBA8B00059E70 /* Stormy.app */;
			productType = "com.apple.product-type.application";
		};
		B87BB29B1C8EBA8B00059E70 /* StormyTests */ = {
			isa = PBXNativeTarget;
			buildConfigurationList = B87BB2B31C8EBA8B00059E70 /* Build configuration list for PBXNativeTarget "StormyTests" */;
			buildPhases = (
				B87BB2981C8EBA8B00059E70 /* Sources */,
				B87BB2991C8EBA8B00059E70 /* Frameworks */,
				B87BB29A1C8EBA8B00059E70 /* Resources */,
			);
			buildRules = (
			);
			dependencies = (
				B87BB29E1C8EBA8B00059E70 /* PBXTargetDependency */,
			);
			name = StormyTests;
			productName = StormyTests;
			productReference = B87BB29C1C8EBA8B00059E70 /* StormyTests.xctest */;
			productType = "com.apple.product-type.bundle.unit-test";
		};
		B87BB2A61C8EBA8B00059E70 /* StormyUITests */ = {
			isa = PBXNativeTarget;
			buildConfigurationList = B87BB2B61C8EBA8B00059E70 /* Build configuration list for PBXNativeTarget "StormyUITests" */;
			buildPhases = (
				B87BB2A31C8EBA8B00059E70 /* Sources */,
				B87BB2A41C8EBA8B00059E70 /* Frameworks */,
				B87BB2A51C8EBA8B00059E70 /* Resources */,
			);
			buildRules = (
			);
			dependencies = (
				B87BB2A91C8EBA8B00059E70 /* PBXTargetDependency */,
			);
			name = StormyUITests;
			productName = StormyUITests;
			productReference = B87BB2A71C8EBA8B00059E70 /* StormyUITests.xctest */;
			productType = "com.apple.product-type.bundle.ui-testing";
		};
/* End PBXNativeTarget section */

/* Begin PBXProject section */
		B87BB2801C8EBA8B00059E70 /* Project object */ = {
			isa = PBXProject;
			attributes = {
				LastSwiftUpdateCheck = 0720;
				LastUpgradeCheck = 0720;
				ORGANIZATIONNAME = Tegeta;
				TargetAttributes = {
					B87BB2871C8EBA8B00059E70 = {
						CreatedOnToolsVersion = 7.2;
					};
					B87BB29B1C8EBA8B00059E70 = {
						CreatedOnToolsVersion = 7.2;
						TestTargetID = B87BB2871C8EBA8B00059E70;
					};
					B87BB2A61C8EBA8B00059E70 = {
						CreatedOnToolsVersion = 7.2;
						TestTargetID = B87BB2871C8EBA8B00059E70;
					};
				};
			};
			buildConfigurationList = B87BB2831C8EBA8B00059E70 /* Build configuration list for PBXProject "Stormy" */;
			compatibilityVersion = "Xcode 3.2";
			developmentRegion = English;
			hasScannedForEncodings = 0;
			knownRegions = (
				en,
				Base,
			);
			mainGroup = B87BB27F1C8EBA8B00059E70;
			productRefGroup = B87BB2891C8EBA8B00059E70 /* Products */;
			projectDirPath = "";
			projectRoot = "";
			targets = (
				B87BB2871C8EBA8B00059E70 /* Stormy */,
				B87BB29B1C8EBA8B00059E70 /* StormyTests */,
				B87BB2A61C8EBA8B00059E70 /* StormyUITests */,
			);
		};
/* End PBXProject section */

/* Begin PBXResourcesBuildPhase section */
		B87BB2861C8EBA8B00059E70 /* Resources */ = {
			isa = PBXResourcesBuildPhase;
			buildActionMask = 2147483647;
			files = (
				B87BB2961C8EBA8B00059E70 /* LaunchScreen.storyboard in Resources */,
				B87BB2931C8EBA8B00059E70 /* Assets.xcassets in Resources */,
				B87BB2911C8EBA8B00059E70 /* Main.storyboard in Resources */,
			);
			runOnlyForDeploymentPostprocessing = 0;
		};
		B87BB29A1C8EBA8B00059E70 /* Resources */ = {
			isa = PBXResourcesBuildPhase;
			buildActionMask = 2147483647;
			files = (
			);
			runOnlyForDeploymentPostprocessing = 0;
		};
		B87BB2A51C8EBA8B00059E70 /* Resources */ = {
			isa = PBXResourcesBuildPhase;
			buildActionMask = 2147483647;
			files = (
			);
			runOnlyForDeploymentPostprocessing = 0;
		};
/* End PBXResourcesBuildPhase section */

/* Begin PBXSourcesBuildPhase section */
		B87BB2841C8EBA8B00059E70 /* Sources */ = {
			isa = PBXSourcesBuildPhase;
			buildActionMask = 2147483647;
			files = (
				B87BB28E1C8EBA8B00059E70 /* ViewController.swift in Sources */,
				B87BB28C1C8EBA8B00059E70 /* AppDelegate.swift in Sources */,
			);
			runOnlyForDeploymentPostprocessing = 0;
		};
		B87BB2981C8EBA8B00059E70 /* Sources */ = {
			isa = PBXSourcesBuildPhase;
			buildActionMask = 2147483647;
			files = (
				B87BB2A11C8EBA8B00059E70 /* StormyTests.swift in Sources */,
			);
			runOnlyForDeploymentPostprocessing = 0;
		};
		B87BB2A31C8EBA8B00059E70 /* Sources */ = {
			isa = PBXSourcesBuildPhase;
			buildActionMask = 2147483647;
			files = (
				B87BB2AC1C8EBA8B00059E70 /* StormyUITests.swift in Sources */,
			);
			runOnlyForDeploymentPostprocessing = 0;
		};
/* End PBXSourcesBuildPhase section */

/* Begin PBXTargetDependency section */
		B87BB29E1C8EBA8B00059E70 /* PBXTargetDependency */ = {
			isa = PBXTargetDependency;
			target = B87BB2871C8EBA8B00059E70 /* Stormy */;
			targetProxy = B87BB29D1C8EBA8B00059E70 /* PBXContainerItemProxy */;
		};
		B87BB2A91C8EBA8B00059E70 /* PBXTargetDependency */ = {
			isa = PBXTargetDependency;
			target = B87BB2871C8EBA8B00059E70 /* Stormy */;
			targetProxy = B87BB2A81C8EBA8B00059E70 /* PBXContainerItemProxy */;
		};
/* End PBXTargetDependency section */

/* Begin PBXVariantGroup section */
		B87BB28F1C8EBA8B00059E70 /* Main.storyboard */ = {
			isa = PBXVariantGroup;
			children = (
				B87BB2901C8EBA8B00059E70 /* Base */,
			);
			name = Main.storyboard;
			sourceTree = "<group>";
		};
		B87BB2941C8EBA8B00059E70 /* LaunchScreen.storyboard */ = {
			isa = PBXVariantGroup;
			children = (
				B87BB2951C8EBA8B00059E70 /* Base */,
			);
			name = LaunchScreen.storyboard;
			sourceTree = "<group>";
		};
/* End PBXVariantGroup section */

/* Begin XCBuildConfiguration section */
		B87BB2AE1C8EBA8B00059E70 /* Debug */ = {
			isa = XCBuildConfiguration;
			buildSettings = {
				ALWAYS_SEARCH_USER_PATHS = NO;
				CLANG_CXX_LANGUAGE_STANDARD = "gnu++0x";
				CLANG_CXX_LIBRARY = "libc++";
				CLANG_ENABLE_MODULES = YES;
				CLANG_ENABLE_OBJC_ARC = YES;
				CLANG_WARN_BOOL_CONVERSION = YES;
				CLANG_WARN_CONSTANT_CONVERSION = YES;
				CLANG_WARN_DIRECT_OBJC_ISA_USAGE = YES_ERROR;
				CLANG_WARN_EMPTY_BODY = YES;
				CLANG_WARN_ENUM_CONVERSION = YES;
				CLANG_WARN_INT_CONVERSION = YES;
				CLANG_WARN_OBJC_ROOT_CLASS = YES_ERROR;
				CLANG_WARN_UNREACHABLE_CODE = YES;
				CLANG_WARN__DUPLICATE_METHOD_MATCH = YES;
				"CODE_SIGN_IDENTITY[sdk=iphoneos*]" = "iPhone Developer";
				COPY_PHASE_STRIP = NO;
				DEBUG_INFORMATION_FORMAT = dwarf;
				ENABLE_STRICT_OBJC_MSGSEND = YES;
				ENABLE_TESTABILITY = YES;
				GCC_C_LANGUAGE_STANDARD = gnu99;
				GCC_DYNAMIC_NO_PIC = NO;
				GCC_NO_COMMON_BLOCKS = YES;
				GCC_OPTIMIZATION_LEVEL = 0;
				GCC_PREPROCESSOR_DEFINITIONS = (
					"DEBUG=1",
					"$(inherited)",
				);
				GCC_WARN_64_TO_32_BIT_CONVERSION = YES;
				GCC_WARN_ABOUT_RETURN_TYPE = YES_ERROR;
				GCC_WARN_UNDECLARED_SELECTOR = YES;
				GCC_WARN_UNINITIALIZED_AUTOS = YES_AGGRESSIVE;
				GCC_WARN_UNUSED_FUNCTION = YES;
				GCC_WARN_UNUSED_VARIABLE = YES;
				IPHONEOS_DEPLOYMENT_TARGET = 9.2;
				MTL_ENABLE_DEBUG_INFO = YES;
				ONLY_ACTIVE_ARCH = YES;
				SDKROOT = iphoneos;
				SWIFT_OPTIMIZATION_LEVEL = "-Onone";
			};
			name = Debug;
		};
		B87BB2AF1C8EBA8B00059E70 /* Release */ = {
			isa = XCBuildConfiguration;
			buildSettings = {
				ALWAYS_SEARCH_USER_PATHS = NO;
				CLANG_CXX_LANGUAGE_STANDARD = "gnu++0x";
				CLANG_CXX_LIBRARY = "libc++";
				CLANG_ENABLE_MODULES = YES;
				CLANG_ENABLE_OBJC_ARC = YES;
				CLANG_WARN_BOOL_CONVERSION = YES;
				CLANG_WARN_CONSTANT_CONVERSION = YES;
				CLANG_WARN_DIRECT_OBJC_ISA_USAGE = YES_ERROR;
				CLANG_WARN_EMPTY_BODY = YES;
				CLANG_WARN_ENUM_CONVERSION = YES;
				CLANG_WARN_INT_CONVERSION = YES;
				CLANG_WARN_OBJC_ROOT_CLASS = YES_ERROR;
				CLANG_WARN_UNREACHABLE_CODE = YES;
				CLANG_WARN__DUPLICATE_METHOD_MATCH = YES;
				"CODE_SIGN_IDENTITY[sdk=iphoneos*]" = "iPhone Developer";
				COPY_PHASE_STRIP = NO;
				DEBUG_INFORMATION_FORMAT = "dwarf-with-dsym";
				ENABLE_NS_ASSERTIONS = NO;
				ENABLE_STRICT_OBJC_MSGSEND = YES;
				GCC_C_LANGUAGE_STANDARD = gnu99;
				GCC_NO_COMMON_BLOCKS = YES;
				GCC_WARN_64_TO_32_BIT_CONVERSION = YES;
				GCC_WARN_ABOUT_RETURN_TYPE = YES_ERROR;
				GCC_WARN_UNDECLARED_SELECTOR = YES;
				GCC_WARN_UNINITIALIZED_AUTOS = YES_AGGRESSIVE;
				GCC_WARN_UNUSED_FUNCTION = YES;
				GCC_WARN_UNUSED_VARIABLE = YES;
				IPHONEOS_DEPLOYMENT_TARGET = 9.2;
				MTL_ENABLE_DEBUG_INFO = NO;
				SDKROOT = iphoneos;
				VALIDATE_PRODUCT = YES;
			};
			name = Release;
		};
		B87BB2B11C8EBA8B00059E70 /* Debug */ = {
			isa = XCBuildConfiguration;
			buildSettings = {
				ASSETCATALOG_COMPILER_APPICON_NAME = AppIcon;
				INFOPLIST_FILE = Stormy/Info.plist;
				LD_RUNPATH_SEARCH_PATHS = "$(inherited) @executable_path/Frameworks";
				PRODUCT_BUNDLE_IDENTIFIER = com.Tegeta.Stormy;
				PRODUCT_NAME = "$(TARGET_NAME)";
			};
			name = Debug;
		};
		B87BB2B21C8EBA8B00059E70 /* Release */ = {
			isa = XCBuildConfiguration;
			buildSettings = {
				ASSETCATALOG_COMPILER_APPICON_NAME = AppIcon;
				INFOPLIST_FILE = Stormy/Info.plist;
				LD_RUNPATH_SEARCH_PATHS = "$(inherited) @executable_path/Frameworks";
				PRODUCT_BUNDLE_IDENTIFIER = com.Tegeta.Stormy;
				PRODUCT_NAME = "$(TARGET_NAME)";
			};
			name = Release;
		};
		B87BB2B41C8EBA8B00059E70 /* Debug */ = {
			isa = XCBuildConfiguration;
			buildSettings = {
				BUNDLE_LOADER = "$(TEST_HOST)";
				INFOPLIST_FILE = StormyTests/Info.plist;
				LD_RUNPATH_SEARCH_PATHS = "$(inherited) @executable_path/Frameworks @loader_path/Frameworks";
				PRODUCT_BUNDLE_IDENTIFIER = com.Tegeta.StormyTests;
				PRODUCT_NAME = "$(TARGET_NAME)";
				TEST_HOST = "$(BUILT_PRODUCTS_DIR)/Stormy.app/Stormy";
			};
			name = Debug;
		};
		B87BB2B51C8EBA8B00059E70 /* Release */ = {
			isa = XCBuildConfiguration;
			buildSettings = {
				BUNDLE_LOADER = "$(TEST_HOST)";
				INFOPLIST_FILE = StormyTests/Info.plist;
				LD_RUNPATH_SEARCH_PATHS = "$(inherited) @executable_path/Frameworks @loader_path/Frameworks";
				PRODUCT_BUNDLE_IDENTIFIER = com.Tegeta.StormyTests;
				PRODUCT_NAME = "$(TARGET_NAME)";
				TEST_HOST = "$(BUILT_PRODUCTS_DIR)/Stormy.app/Stormy";
			};
			name = Release;
		};
		B87BB2B71C8EBA8B00059E70 /* Debug */ = {
			isa = XCBuildConfiguration;
			buildSettings = {
				INFOPLIST_FILE = StormyUITests/Info.plist;
				LD_RUNPATH_SEARCH_PATHS = "$(inherited) @executable_path/Frameworks @loader_path/Frameworks";
				PRODUCT_BUNDLE_IDENTIFIER = com.Tegeta.StormyUITests;
				PRODUCT_NAME = "$(TARGET_NAME)";
				TEST_TARGET_NAME = Stormy;
				USES_XCTRUNNER = YES;
			};
			name = Debug;
		};
		B87BB2B81C8EBA8B00059E70 /* Release */ = {
			isa = XCBuildConfiguration;
			buildSettings = {
				INFOPLIST_FILE = StormyUITests/Info.plist;
				LD_RUNPATH_SEARCH_PATHS = "$(inherited) @executable_path/Frameworks @loader_path/Frameworks";
				PRODUCT_BUNDLE_IDENTIFIER = com.Tegeta.StormyUITests;
				PRODUCT_NAME = "$(TARGET_NAME)";
				TEST_TARGET_NAME = Stormy;
				USES_XCTRUNNER = YES;
			};
			name = Release;
		};
/* End XCBuildConfiguration section */

/* Begin XCConfigurationList section */
		B87BB2831C8EBA8B00059E70 /* Build configuration list for PBXProject "Stormy" */ = {
			isa = XCConfigurationList;
			buildConfigurations = (
				B87BB2AE1C8EBA8B00059E70 /* Debug */,
				B87BB2AF1C8EBA8B00059E70 /* Release */,
			);
			defaultConfigurationIsVisible = 0;
			defaultConfigurationName = Release;
		};
		B87BB2B01C8EBA8B00059E70 /* Build configuration list for PBXNativeTarget "Stormy" */ = {
			isa = XCConfigurationList;
			buildConfigurations = (
				B87BB2B11C8EBA8B00059E70 /* Debug */,
				B87BB2B21C8EBA8B00059E70 /* Release */,
			);
			defaultConfigurationIsVisible = 0;
		};
		B87BB2B31C8EBA8B00059E70 /* Build configuration list for PBXNativeTarget "StormyTests" */ = {
			isa = XCConfigurationList;
			buildConfigurations = (
				B87BB2B41C8EBA8B00059E70 /* Debug */,
				B87BB2B51C8EBA8B00059E70 /* Release */,
			);
			defaultConfigurationIsVisible = 0;
		};
		B87BB2B61C8EBA8B00059E70 /* Build configuration list for PBXNativeTarget "StormyUITests" */ = {
			isa = XCConfigurationList;
			buildConfigurations = (
				B87BB2B71C8EBA8B00059E70 /* Debug */,
				B87BB2B81C8EBA8B00059E70 /* Release */,
			);
			defaultConfigurationIsVisible = 0;
		};
/* End XCConfigurationList section */
	};
	rootObject = B87BB2801C8EBA8B00059E70 /* Project object */;
}
